// !$*UTF8*$!
{
	archiveVersion = 1;
	classes = {
	};
	objectVersion = 50;
	objects = {

/* Begin PBXBuildFile section */
		E41B8D652456021000D51939 /* AppDelegate.swift in Sources */ = {isa = PBXBuildFile; fileRef = E41B8D642456021000D51939 /* AppDelegate.swift */; };
		E41B8D672456021000D51939 /* SceneDelegate.swift in Sources */ = {isa = PBXBuildFile; fileRef = E41B8D662456021000D51939 /* SceneDelegate.swift */; };
		E41B8D692456021000D51939 /* MapViewController.swift in Sources */ = {isa = PBXBuildFile; fileRef = E41B8D682456021000D51939 /* MapViewController.swift */; };
		E41B8D6B2456021000D51939 /* ListViewController.swift in Sources */ = {isa = PBXBuildFile; fileRef = E41B8D6A2456021000D51939 /* ListViewController.swift */; };
		E41B8D6E2456021000D51939 /* Main.storyboard in Resources */ = {isa = PBXBuildFile; fileRef = E41B8D6C2456021000D51939 /* Main.storyboard */; };
		E41B8D702456021100D51939 /* Assets.xcassets in Resources */ = {isa = PBXBuildFile; fileRef = E41B8D6F2456021100D51939 /* Assets.xcassets */; };
		E41B8D732456021100D51939 /* LaunchScreen.storyboard in Resources */ = {isa = PBXBuildFile; fileRef = E41B8D712456021100D51939 /* LaunchScreen.storyboard */; };
		E41B8D7C2456082900D51939 /* LoginViewController.swift in Sources */ = {isa = PBXBuildFile; fileRef = E41B8D7B2456082900D51939 /* LoginViewController.swift */; };
		E41B8D7F24562E0100D51939 /* UdacityNetwork.swift in Sources */ = {isa = PBXBuildFile; fileRef = E41B8D7E24562E0100D51939 /* UdacityNetwork.swift */; };
		E41B8D8224562E9900D51939 /* UdacityUser.swift in Sources */ = {isa = PBXBuildFile; fileRef = E41B8D8124562E9900D51939 /* UdacityUser.swift */; };
		E41B8D8424562EBD00D51939 /* User.swift in Sources */ = {isa = PBXBuildFile; fileRef = E41B8D8324562EBD00D51939 /* User.swift */; };
		E41B8D862456337500D51939 /* Account.swift in Sources */ = {isa = PBXBuildFile; fileRef = E41B8D852456337500D51939 /* Account.swift */; };
		E41B8D88245633A400D51939 /* Session.swift in Sources */ = {isa = PBXBuildFile; fileRef = E41B8D87245633A400D51939 /* Session.swift */; };
		E41B8D8A245633D400D51939 /* LoginResult.swift in Sources */ = {isa = PBXBuildFile; fileRef = E41B8D89245633D400D51939 /* LoginResult.swift */; };
		E41B8D8C24563A2400D51939 /* NertworkError.swift in Sources */ = {isa = PBXBuildFile; fileRef = E41B8D8B24563A2400D51939 /* NertworkError.swift */; };
		E41B8D8E245645F700D51939 /* NetworkHandler.swift in Sources */ = {isa = PBXBuildFile; fileRef = E41B8D8D245645F700D51939 /* NetworkHandler.swift */; };
		E4DE7DAC245DF07A001B6F52 /* Location.swift in Sources */ = {isa = PBXBuildFile; fileRef = E4DE7DAB245DF07A001B6F52 /* Location.swift */; };
		E4DE7DAE245DF101001B6F52 /* Locations.swift in Sources */ = {isa = PBXBuildFile; fileRef = E4DE7DAD245DF101001B6F52 /* Locations.swift */; };
		E4DE7DB2245E07EC001B6F52 /* LocationCell.swift in Sources */ = {isa = PBXBuildFile; fileRef = E4DE7DB1245E07EC001B6F52 /* LocationCell.swift */; };
		E4DE7DB4245E1916001B6F52 /* AddLocationViewController.swift in Sources */ = {isa = PBXBuildFile; fileRef = E4DE7DB3245E1916001B6F52 /* AddLocationViewController.swift */; };
		E4DE7DB6245E2B55001B6F52 /* FinishAddLocationViewController.swift in Sources */ = {isa = PBXBuildFile; fileRef = E4DE7DB5245E2B55001B6F52 /* FinishAddLocationViewController.swift */; };
		E4DE7DB8245E3135001B6F52 /* LocationCreated.swift in Sources */ = {isa = PBXBuildFile; fileRef = E4DE7DB7245E3135001B6F52 /* LocationCreated.swift */; };
		E4DE7DBA245E7A65001B6F52 /* SpinnerViewController.swift in Sources */ = {isa = PBXBuildFile; fileRef = E4DE7DB9245E7A65001B6F52 /* SpinnerViewController.swift */; };
/* End PBXBuildFile section */

/* Begin PBXFileReference section */
		E41B8D612456021000D51939 /* Map.app */ = {isa = PBXFileReference; explicitFileType = wrapper.application; includeInIndex = 0; path = Map.app; sourceTree = BUILT_PRODUCTS_DIR; };
		E41B8D642456021000D51939 /* AppDelegate.swift */ = {isa = PBXFileReference; lastKnownFileType = sourcecode.swift; path = AppDelegate.swift; sourceTree = "<group>"; };
		E41B8D662456021000D51939 /* SceneDelegate.swift */ = {isa = PBXFileReference; lastKnownFileType = sourcecode.swift; path = SceneDelegate.swift; sourceTree = "<group>"; };
		E41B8D682456021000D51939 /* MapViewController.swift */ = {isa = PBXFileReference; lastKnownFileType = sourcecode.swift; path = MapViewController.swift; sourceTree = "<group>"; };
		E41B8D6A2456021000D51939 /* ListViewController.swift */ = {isa = PBXFileReference; lastKnownFileType = sourcecode.swift; path = ListViewController.swift; sourceTree = "<group>"; };
		E41B8D6D2456021000D51939 /* Base */ = {isa = PBXFileReference; lastKnownFileType = file.storyboard; name = Base; path = Base.lproj/Main.storyboard; sourceTree = "<group>"; };
		E41B8D6F2456021100D51939 /* Assets.xcassets */ = {isa = PBXFileReference; lastKnownFileType = folder.assetcatalog; path = Assets.xcassets; sourceTree = "<group>"; };
		E41B8D722456021100D51939 /* Base */ = {isa = PBXFileReference; lastKnownFileType = file.storyboard; name = Base; path = Base.lproj/LaunchScreen.storyboard; sourceTree = "<group>"; };
		E41B8D742456021100D51939 /* Info.plist */ = {isa = PBXFileReference; lastKnownFileType = text.plist.xml; path = Info.plist; sourceTree = "<group>"; };
		E41B8D7B2456082900D51939 /* LoginViewController.swift */ = {isa = PBXFileReference; lastKnownFileType = sourcecode.swift; path = LoginViewController.swift; sourceTree = "<group>"; };
		E41B8D7E24562E0100D51939 /* UdacityNetwork.swift */ = {isa = PBXFileReference; lastKnownFileType = sourcecode.swift; path = UdacityNetwork.swift; sourceTree = "<group>"; };
		E41B8D8124562E9900D51939 /* UdacityUser.swift */ = {isa = PBXFileReference; lastKnownFileType = sourcecode.swift; path = UdacityUser.swift; sourceTree = "<group>"; };
		E41B8D8324562EBD00D51939 /* User.swift */ = {isa = PBXFileReference; lastKnownFileType = sourcecode.swift; path = User.swift; sourceTree = "<group>"; };
		E41B8D852456337500D51939 /* Account.swift */ = {isa = PBXFileReference; lastKnownFileType = sourcecode.swift; path = Account.swift; sourceTree = "<group>"; };
		E41B8D87245633A400D51939 /* Session.swift */ = {isa = PBXFileReference; lastKnownFileType = sourcecode.swift; path = Session.swift; sourceTree = "<group>"; };
		E41B8D89245633D400D51939 /* LoginResult.swift */ = {isa = PBXFileReference; lastKnownFileType = sourcecode.swift; path = LoginResult.swift; sourceTree = "<group>"; };
		E41B8D8B24563A2400D51939 /* NertworkError.swift */ = {isa = PBXFileReference; lastKnownFileType = sourcecode.swift; path = NertworkError.swift; sourceTree = "<group>"; };
		E41B8D8D245645F700D51939 /* NetworkHandler.swift */ = {isa = PBXFileReference; lastKnownFileType = sourcecode.swift; path = NetworkHandler.swift; sourceTree = "<group>"; };
		E4DE7DAB245DF07A001B6F52 /* Location.swift */ = {isa = PBXFileReference; lastKnownFileType = sourcecode.swift; path = Location.swift; sourceTree = "<group>"; };
		E4DE7DAD245DF101001B6F52 /* Locations.swift */ = {isa = PBXFileReference; lastKnownFileType = sourcecode.swift; path = Locations.swift; sourceTree = "<group>"; };
		E4DE7DB1245E07EC001B6F52 /* LocationCell.swift */ = {isa = PBXFileReference; lastKnownFileType = sourcecode.swift; path = LocationCell.swift; sourceTree = "<group>"; };
		E4DE7DB3245E1916001B6F52 /* AddLocationViewController.swift */ = {isa = PBXFileReference; lastKnownFileType = sourcecode.swift; path = AddLocationViewController.swift; sourceTree = "<group>"; };
		E4DE7DB5245E2B55001B6F52 /* FinishAddLocationViewController.swift */ = {isa = PBXFileReference; lastKnownFileType = sourcecode.swift; path = FinishAddLocationViewController.swift; sourceTree = "<group>"; };
		E4DE7DB7245E3135001B6F52 /* LocationCreated.swift */ = {isa = PBXFileReference; lastKnownFileType = sourcecode.swift; path = LocationCreated.swift; sourceTree = "<group>"; };
		E4DE7DB9245E7A65001B6F52 /* SpinnerViewController.swift */ = {isa = PBXFileReference; lastKnownFileType = sourcecode.swift; path = SpinnerViewController.swift; sourceTree = "<group>"; };
/* End PBXFileReference section */

/* Begin PBXFrameworksBuildPhase section */
		E41B8D5E2456021000D51939 /* Frameworks */ = {
			isa = PBXFrameworksBuildPhase;
			buildActionMask = 2147483647;
			files = (
			);
			runOnlyForDeploymentPostprocessing = 0;
		};
/* End PBXFrameworksBuildPhase section */

/* Begin PBXGroup section */
		E41B8D582456021000D51939 = {
			isa = PBXGroup;
			children = (
				E41B8D632456021000D51939 /* Map */,
				E41B8D622456021000D51939 /* Products */,
			);
			sourceTree = "<group>";
		};
		E41B8D622456021000D51939 /* Products */ = {
			isa = PBXGroup;
			children = (
				E41B8D612456021000D51939 /* Map.app */,
			);
			name = Products;
			sourceTree = "<group>";
		};
		E41B8D632456021000D51939 /* Map */ = {
			isa = PBXGroup;
			children = (
				E4DE7DB0245E07DD001B6F52 /* cell */,
				E41B8D8024562E7400D51939 /* domain */,
				E41B8D7D24562DE600D51939 /* network */,
				E41B8D642456021000D51939 /* AppDelegate.swift */,
				E41B8D662456021000D51939 /* SceneDelegate.swift */,
				E41B8D7A245607F100D51939 /* viewController */,
				E41B8D6C2456021000D51939 /* Main.storyboard */,
				E41B8D6F2456021100D51939 /* Assets.xcassets */,
				E41B8D712456021100D51939 /* LaunchScreen.storyboard */,
				E41B8D742456021100D51939 /* Info.plist */,
				E4DE7DB9245E7A65001B6F52 /* SpinnerViewController.swift */,
			);
			path = Map;
			sourceTree = "<group>";
		};
		E41B8D7A245607F100D51939 /* viewController */ = {
			isa = PBXGroup;
			children = (
				E41B8D682456021000D51939 /* MapViewController.swift */,
				E41B8D6A2456021000D51939 /* ListViewController.swift */,
				E41B8D7B2456082900D51939 /* LoginViewController.swift */,
				E4DE7DB3245E1916001B6F52 /* AddLocationViewController.swift */,
				E4DE7DB5245E2B55001B6F52 /* FinishAddLocationViewController.swift */,
			);
			path = viewController;
			sourceTree = "<group>";
		};
		E41B8D7D24562DE600D51939 /* network */ = {
			isa = PBXGroup;
			children = (
				E41B8D7E24562E0100D51939 /* UdacityNetwork.swift */,
				E41B8D8D245645F700D51939 /* NetworkHandler.swift */,
			);
			path = network;
			sourceTree = "<group>";
		};
		E41B8D8024562E7400D51939 /* domain */ = {
			isa = PBXGroup;
			children = (
				E4DE7DAF245DF124001B6F52 /* location */,
				E4DE7DAA245DF05A001B6F52 /* login */,
				E41B8D8B24563A2400D51939 /* NertworkError.swift */,
			);
			path = domain;
			sourceTree = "<group>";
		};
		E4DE7DAA245DF05A001B6F52 /* login */ = {
			isa = PBXGroup;
			children = (
				E41B8D8124562E9900D51939 /* UdacityUser.swift */,
				E41B8D8324562EBD00D51939 /* User.swift */,
				E41B8D852456337500D51939 /* Account.swift */,
				E41B8D87245633A400D51939 /* Session.swift */,
				E41B8D89245633D400D51939 /* LoginResult.swift */,
			);
			path = login;
			sourceTree = "<group>";
		};
		E4DE7DAF245DF124001B6F52 /* location */ = {
			isa = PBXGroup;
			children = (
				E4DE7DAB245DF07A001B6F52 /* Location.swift */,
				E4DE7DAD245DF101001B6F52 /* Locations.swift */,
				E4DE7DB7245E3135001B6F52 /* LocationCreated.swift */,
			);
			path = location;
			sourceTree = "<group>";
		};
		E4DE7DB0245E07DD001B6F52 /* cell */ = {
			isa = PBXGroup;
			children = (
				E4DE7DB1245E07EC001B6F52 /* LocationCell.swift */,
			);
			path = cell;
			sourceTree = "<group>";
		};
/* End PBXGroup section */

/* Begin PBXNativeTarget section */
		E41B8D602456021000D51939 /* Map */ = {
			isa = PBXNativeTarget;
			buildConfigurationList = E41B8D772456021100D51939 /* Build configuration list for PBXNativeTarget "Map" */;
			buildPhases = (
				E41B8D5D2456021000D51939 /* Sources */,
				E41B8D5E2456021000D51939 /* Frameworks */,
				E41B8D5F2456021000D51939 /* Resources */,
			);
			buildRules = (
			);
			dependencies = (
			);
			name = Map;
			productName = Map;
			productReference = E41B8D612456021000D51939 /* Map.app */;
			productType = "com.apple.product-type.application";
		};
/* End PBXNativeTarget section */

/* Begin PBXProject section */
		E41B8D592456021000D51939 /* Project object */ = {
			isa = PBXProject;
			attributes = {
				LastSwiftUpdateCheck = 1130;
				LastUpgradeCheck = 1130;
				ORGANIZATIONNAME = "Clêrton Cunha Leal";
				TargetAttributes = {
					E41B8D602456021000D51939 = {
						CreatedOnToolsVersion = 11.3.1;
					};
				};
			};
			buildConfigurationList = E41B8D5C2456021000D51939 /* Build configuration list for PBXProject "Map" */;
			compatibilityVersion = "Xcode 9.3";
			developmentRegion = en;
			hasScannedForEncodings = 0;
			knownRegions = (
				en,
				Base,
			);
			mainGroup = E41B8D582456021000D51939;
			productRefGroup = E41B8D622456021000D51939 /* Products */;
			projectDirPath = "";
			projectRoot = "";
			targets = (
				E41B8D602456021000D51939 /* Map */,
			);
		};
/* End PBXProject section */

/* Begin PBXResourcesBuildPhase section */
		E41B8D5F2456021000D51939 /* Resources */ = {
			isa = PBXResourcesBuildPhase;
			buildActionMask = 2147483647;
			files = (
				E41B8D732456021100D51939 /* LaunchScreen.storyboard in Resources */,
				E41B8D702456021100D51939 /* Assets.xcassets in Resources */,
				E41B8D6E2456021000D51939 /* Main.storyboard in Resources */,
			);
			runOnlyForDeploymentPostprocessing = 0;
		};
/* End PBXResourcesBuildPhase section */

/* Begin PBXSourcesBuildPhase section */
		E41B8D5D2456021000D51939 /* Sources */ = {
			isa = PBXSourcesBuildPhase;
			buildActionMask = 2147483647;
			files = (
				E41B8D8E245645F700D51939 /* NetworkHandler.swift in Sources */,
				E41B8D8C24563A2400D51939 /* NertworkError.swift in Sources */,
				E41B8D88245633A400D51939 /* Session.swift in Sources */,
				E4DE7DAE245DF101001B6F52 /* Locations.swift in Sources */,
				E4DE7DBA245E7A65001B6F52 /* SpinnerViewController.swift in Sources */,
				E41B8D6B2456021000D51939 /* ListViewController.swift in Sources */,
				E41B8D8224562E9900D51939 /* UdacityUser.swift in Sources */,
				E4DE7DB2245E07EC001B6F52 /* LocationCell.swift in Sources */,
				E41B8D692456021000D51939 /* MapViewController.swift in Sources */,
				E4DE7DAC245DF07A001B6F52 /* Location.swift in Sources */,
				E41B8D7F24562E0100D51939 /* UdacityNetwork.swift in Sources */,
				E4DE7DB6245E2B55001B6F52 /* FinishAddLocationViewController.swift in Sources */,
				E41B8D8424562EBD00D51939 /* User.swift in Sources */,
				E41B8D8A245633D400D51939 /* LoginResult.swift in Sources */,
				E41B8D862456337500D51939 /* Account.swift in Sources */,
				E41B8D652456021000D51939 /* AppDelegate.swift in Sources */,
				E4DE7DB4245E1916001B6F52 /* AddLocationViewController.swift in Sources */,
				E41B8D7C2456082900D51939 /* LoginViewController.swift in Sources */,
				E4DE7DB8245E3135001B6F52 /* LocationCreated.swift in Sources */,
				E41B8D672456021000D51939 /* SceneDelegate.swift in Sources */,
			);
			runOnlyForDeploymentPostprocessing = 0;
		};
/* End PBXSourcesBuildPhase section */

/* Begin PBXVariantGroup section */
		E41B8D6C2456021000D51939 /* Main.storyboard */ = {
			isa = PBXVariantGroup;
			children = (
				E41B8D6D2456021000D51939 /* Base */,
			);
			name = Main.storyboard;
			sourceTree = "<group>";
		};
		E41B8D712456021100D51939 /* LaunchScreen.storyboard */ = {
			isa = PBXVariantGroup;
			children = (
				E41B8D722456021100D51939 /* Base */,
			);
			name = LaunchScreen.storyboard;
			sourceTree = "<group>";
		};
/* End PBXVariantGroup section */

/* Begin XCBuildConfiguration section */
		E41B8D752456021100D51939 /* Debug */ = {
			isa = XCBuildConfiguration;
			buildSettings = {
				ALWAYS_SEARCH_USER_PATHS = NO;
				CLANG_ANALYZER_NONNULL = YES;
				CLANG_ANALYZER_NUMBER_OBJECT_CONVERSION = YES_AGGRESSIVE;
				CLANG_CXX_LANGUAGE_STANDARD = "gnu++14";
				CLANG_CXX_LIBRARY = "libc++";
				CLANG_ENABLE_MODULES = YES;
				CLANG_ENABLE_OBJC_ARC = YES;
				CLANG_ENABLE_OBJC_WEAK = YES;
				CLANG_WARN_BLOCK_CAPTURE_AUTORELEASING = YES;
				CLANG_WARN_BOOL_CONVERSION = YES;
				CLANG_WARN_COMMA = YES;
				CLANG_WARN_CONSTANT_CONVERSION = YES;
				CLANG_WARN_DEPRECATED_OBJC_IMPLEMENTATIONS = YES;
				CLANG_WARN_DIRECT_OBJC_ISA_USAGE = YES_ERROR;
				CLANG_WARN_DOCUMENTATION_COMMENTS = YES;
				CLANG_WARN_EMPTY_BODY = YES;
				CLANG_WARN_ENUM_CONVERSION = YES;
				CLANG_WARN_INFINITE_RECURSION = YES;
				CLANG_WARN_INT_CONVERSION = YES;
				CLANG_WARN_NON_LITERAL_NULL_CONVERSION = YES;
				CLANG_WARN_OBJC_IMPLICIT_RETAIN_SELF = YES;
				CLANG_WARN_OBJC_LITERAL_CONVERSION = YES;
				CLANG_WARN_OBJC_ROOT_CLASS = YES_ERROR;
				CLANG_WARN_RANGE_LOOP_ANALYSIS = YES;
				CLANG_WARN_STRICT_PROTOTYPES = YES;
				CLANG_WARN_SUSPICIOUS_MOVE = YES;
				CLANG_WARN_UNGUARDED_AVAILABILITY = YES_AGGRESSIVE;
				CLANG_WARN_UNREACHABLE_CODE = YES;
				CLANG_WARN__DUPLICATE_METHOD_MATCH = YES;
				COPY_PHASE_STRIP = NO;
				DEBUG_INFORMATION_FORMAT = dwarf;
				ENABLE_STRICT_OBJC_MSGSEND = YES;
				ENABLE_TESTABILITY = YES;
				GCC_C_LANGUAGE_STANDARD = gnu11;
				GCC_DYNAMIC_NO_PIC = NO;
				GCC_NO_COMMON_BLOCKS = YES;
				GCC_OPTIMIZATION_LEVEL = 0;
				GCC_PREPROCESSOR_DEFINITIONS = (
					"DEBUG=1",
					"$(inherited)",
				);
				GCC_WARN_64_TO_32_BIT_CONVERSION = YES;
				GCC_WARN_ABOUT_RETURN_TYPE = YES_ERROR;
				GCC_WARN_UNDECLARED_SELECTOR = YES;
				GCC_WARN_UNINITIALIZED_AUTOS = YES_AGGRESSIVE;
				GCC_WARN_UNUSED_FUNCTION = YES;
				GCC_WARN_UNUSED_VARIABLE = YES;
				IPHONEOS_DEPLOYMENT_TARGET = 13.2;
				MTL_ENABLE_DEBUG_INFO = INCLUDE_SOURCE;
				MTL_FAST_MATH = YES;
				ONLY_ACTIVE_ARCH = YES;
				SDKROOT = iphoneos;
				SWIFT_ACTIVE_COMPILATION_CONDITIONS = DEBUG;
				SWIFT_OPTIMIZATION_LEVEL = "-Onone";
			};
			name = Debug;
		};
		E41B8D762456021100D51939 /* Release */ = {
			isa = XCBuildConfiguration;
			buildSettings = {
				ALWAYS_SEARCH_USER_PATHS = NO;
				CLANG_ANALYZER_NONNULL = YES;
				CLANG_ANALYZER_NUMBER_OBJECT_CONVERSION = YES_AGGRESSIVE;
				CLANG_CXX_LANGUAGE_STANDARD = "gnu++14";
				CLANG_CXX_LIBRARY = "libc++";
				CLANG_ENABLE_MODULES = YES;
				CLANG_ENABLE_OBJC_ARC = YES;
				CLANG_ENABLE_OBJC_WEAK = YES;
				CLANG_WARN_BLOCK_CAPTURE_AUTORELEASING = YES;
				CLANG_WARN_BOOL_CONVERSION = YES;
				CLANG_WARN_COMMA = YES;
				CLANG_WARN_CONSTANT_CONVERSION = YES;
				CLANG_WARN_DEPRECATED_OBJC_IMPLEMENTATIONS = YES;
				CLANG_WARN_DIRECT_OBJC_ISA_USAGE = YES_ERROR;
				CLANG_WARN_DOCUMENTATION_COMMENTS = YES;
				CLANG_WARN_EMPTY_BODY = YES;
				CLANG_WARN_ENUM_CONVERSION = YES;
				CLANG_WARN_INFINITE_RECURSION = YES;
				CLANG_WARN_INT_CONVERSION = YES;
				CLANG_WARN_NON_LITERAL_NULL_CONVERSION = YES;
				CLANG_WARN_OBJC_IMPLICIT_RETAIN_SELF = YES;
				CLANG_WARN_OBJC_LITERAL_CONVERSION = YES;
				CLANG_WARN_OBJC_ROOT_CLASS = YES_ERROR;
				CLANG_WARN_RANGE_LOOP_ANALYSIS = YES;
				CLANG_WARN_STRICT_PROTOTYPES = YES;
				CLANG_WARN_SUSPICIOUS_MOVE = YES;
				CLANG_WARN_UNGUARDED_AVAILABILITY = YES_AGGRESSIVE;
				CLANG_WARN_UNREACHABLE_CODE = YES;
				CLANG_WARN__DUPLICATE_METHOD_MATCH = YES;
				COPY_PHASE_STRIP = NO;
				DEBUG_INFORMATION_FORMAT = "dwarf-with-dsym";
				ENABLE_NS_ASSERTIONS = NO;
				ENABLE_STRICT_OBJC_MSGSEND = YES;
				GCC_C_LANGUAGE_STANDARD = gnu11;
				GCC_NO_COMMON_BLOCKS = YES;
				GCC_WARN_64_TO_32_BIT_CONVERSION = YES;
				GCC_WARN_ABOUT_RETURN_TYPE = YES_ERROR;
				GCC_WARN_UNDECLARED_SELECTOR = YES;
				GCC_WARN_UNINITIALIZED_AUTOS = YES_AGGRESSIVE;
				GCC_WARN_UNUSED_FUNCTION = YES;
				GCC_WARN_UNUSED_VARIABLE = YES;
				IPHONEOS_DEPLOYMENT_TARGET = 13.2;
				MTL_ENABLE_DEBUG_INFO = NO;
				MTL_FAST_MATH = YES;
				SDKROOT = iphoneos;
				SWIFT_COMPILATION_MODE = wholemodule;
				SWIFT_OPTIMIZATION_LEVEL = "-O";
				VALIDATE_PRODUCT = YES;
			};
			name = Release;
		};
		E41B8D782456021100D51939 /* Debug */ = {
			isa = XCBuildConfiguration;
			buildSettings = {
				ASSETCATALOG_COMPILER_APPICON_NAME = AppIcon;
				CODE_SIGN_STYLE = Automatic;
				DEVELOPMENT_TEAM = 3T82UE72CV;
				INFOPLIST_FILE = Map/Info.plist;
				LD_RUNPATH_SEARCH_PATHS = (
					"$(inherited)",
					"@executable_path/Frameworks",
				);
				PRODUCT_BUNDLE_IDENTIFIER = com.clertonleal.Map;
				PRODUCT_NAME = "$(TARGET_NAME)";
				SWIFT_VERSION = 5.0;
				TARGETED_DEVICE_FAMILY = "1,2";
			};
			name = Debug;
		};
		E41B8D792456021100D51939 /* Release */ = {
			isa = XCBuildConfiguration;
			buildSettings = {
				ASSETCATALOG_COMPILER_APPICON_NAME = AppIcon;
				CODE_SIGN_STYLE = Automatic;
				DEVELOPMENT_TEAM = 3T82UE72CV;
				INFOPLIST_FILE = Map/Info.plist;
				LD_RUNPATH_SEARCH_PATHS = (
					"$(inherited)",
					"@executable_path/Frameworks",
				);
				PRODUCT_BUNDLE_IDENTIFIER = com.clertonleal.Map;
				PRODUCT_NAME = "$(TARGET_NAME)";
				SWIFT_VERSION = 5.0;
				TARGETED_DEVICE_FAMILY = "1,2";
			};
			name = Release;
		};
/* End XCBuildConfiguration section */

/* Begin XCConfigurationList section */
		E41B8D5C2456021000D51939 /* Build configuration list for PBXProject "Map" */ = {
			isa = XCConfigurationList;
			buildConfigurations = (
				E41B8D752456021100D51939 /* Debug */,
				E41B8D762456021100D51939 /* Release */,
			);
			defaultConfigurationIsVisible = 0;
			defaultConfigurationName = Release;
		};
		E41B8D772456021100D51939 /* Build configuration list for PBXNativeTarget "Map" */ = {
			isa = XCConfigurationList;
			buildConfigurations = (
				E41B8D782456021100D51939 /* Debug */,
				E41B8D792456021100D51939 /* Release */,
			);
			defaultConfigurationIsVisible = 0;
			defaultConfigurationName = Release;
		};
/* End XCConfigurationList section */
	};
	rootObject = E41B8D592456021000D51939 /* Project object */;
}
